// !$*UTF8*$!
{
	archiveVersion = 1;
	classes = {
	};
	objectVersion = 56;
	objects = {

/* Begin PBXBuildFile section */
		1DEF3112FE39953BBF69DA23 /* Pods_DovizConvert_OneSignalNotificationServiceExtension.framework in Frameworks */ = {isa = PBXBuildFile; fileRef = 8FF5F122960F79E0B50D677B /* Pods_DovizConvert_OneSignalNotificationServiceExtension.framework */; };
		773BF0699285B3D084B97FB5 /* Pods_DovizConvert.framework in Frameworks */ = {isa = PBXBuildFile; fileRef = 1F2FCCA73C63008EFC4B1329 /* Pods_DovizConvert.framework */; };
		84026FF02A35560800AECBF5 /* currentClass.swift in Sources */ = {isa = PBXBuildFile; fileRef = 84026FEF2A35560800AECBF5 /* currentClass.swift */; };
		84026FF22A3557C100AECBF5 /* ViewController2.swift in Sources */ = {isa = PBXBuildFile; fileRef = 84026FF12A3557C100AECBF5 /* ViewController2.swift */; };
		841732752A5D550C00485E0F /* GoogleService-Info.plist in Resources */ = {isa = PBXBuildFile; fileRef = 841732742A5D550C00485E0F /* GoogleService-Info.plist */; };
		841CFD1E2A66C2D700B98506 /* CalculateCurrencyViewController.swift in Sources */ = {isa = PBXBuildFile; fileRef = 841CFD1D2A66C2D700B98506 /* CalculateCurrencyViewController.swift */; };
		8463114A2A65A6D600A4D4F2 /* UIImage+Ext.swift in Sources */ = {isa = PBXBuildFile; fileRef = 846311492A65A6D600A4D4F2 /* UIImage+Ext.swift */; };
		8463114C2A65A77E00A4D4F2 /* LoadingViewController.swift in Sources */ = {isa = PBXBuildFile; fileRef = 8463114B2A65A77E00A4D4F2 /* LoadingViewController.swift */; };
		8463114E2A65AB6800A4D4F2 /* LaunchScreenViewController.swift in Sources */ = {isa = PBXBuildFile; fileRef = 8463114D2A65AB6800A4D4F2 /* LaunchScreenViewController.swift */; };
		848F26FB2A1FDA6C00881C94 /* AppDelegate.swift in Sources */ = {isa = PBXBuildFile; fileRef = 848F26FA2A1FDA6C00881C94 /* AppDelegate.swift */; };
		848F26FD2A1FDA6C00881C94 /* SceneDelegate.swift in Sources */ = {isa = PBXBuildFile; fileRef = 848F26FC2A1FDA6C00881C94 /* SceneDelegate.swift */; };
		848F26FF2A1FDA6C00881C94 /* ViewController.swift in Sources */ = {isa = PBXBuildFile; fileRef = 848F26FE2A1FDA6C00881C94 /* ViewController.swift */; };
		848F27022A1FDA6C00881C94 /* Main.storyboard in Resources */ = {isa = PBXBuildFile; fileRef = 848F27002A1FDA6C00881C94 /* Main.storyboard */; };
		848F27042A1FDA6D00881C94 /* Assets.xcassets in Resources */ = {isa = PBXBuildFile; fileRef = 848F27032A1FDA6D00881C94 /* Assets.xcassets */; };
		848F27072A1FDA6D00881C94 /* LaunchScreen.storyboard in Resources */ = {isa = PBXBuildFile; fileRef = 848F27052A1FDA6D00881C94 /* LaunchScreen.storyboard */; };
		84951F712A37C9B6003A37AC /* cellViewController.swift in Sources */ = {isa = PBXBuildFile; fileRef = 84951F702A37C9B6003A37AC /* cellViewController.swift */; };
		84951F732A37D502003A37AC /* gecisDoor.swift in Sources */ = {isa = PBXBuildFile; fileRef = 84951F722A37D502003A37AC /* gecisDoor.swift */; };
		84A61C032A607EBD00419904 /* NotificationService.swift in Sources */ = {isa = PBXBuildFile; fileRef = 84A61C022A607EBD00419904 /* NotificationService.swift */; };
		84A61C072A607EBD00419904 /* OneSignalNotificationServiceExtension.appex in Embed Foundation Extensions */ = {isa = PBXBuildFile; fileRef = 84A61C002A607EBD00419904 /* OneSignalNotificationServiceExtension.appex */; settings = {ATTRIBUTES = (RemoveHeadersOnCopy, ); }; };
/* End PBXBuildFile section */

/* Begin PBXContainerItemProxy section */
		84A61C052A607EBD00419904 /* PBXContainerItemProxy */ = {
			isa = PBXContainerItemProxy;
			containerPortal = 848F26EF2A1FDA6C00881C94 /* Project object */;
			proxyType = 1;
			remoteGlobalIDString = 84A61BFF2A607EBD00419904;
			remoteInfo = OneSignalNotificationServiceExtension;
		};
/* End PBXContainerItemProxy section */

/* Begin PBXCopyFilesBuildPhase section */
		84A61C082A607EBD00419904 /* Embed Foundation Extensions */ = {
			isa = PBXCopyFilesBuildPhase;
			buildActionMask = 2147483647;
			dstPath = "";
			dstSubfolderSpec = 13;
			files = (
				84A61C072A607EBD00419904 /* OneSignalNotificationServiceExtension.appex in Embed Foundation Extensions */,
			);
			name = "Embed Foundation Extensions";
			runOnlyForDeploymentPostprocessing = 0;
		};
/* End PBXCopyFilesBuildPhase section */

/* Begin PBXFileReference section */
		1F2FCCA73C63008EFC4B1329 /* Pods_DovizConvert.framework */ = {isa = PBXFileReference; explicitFileType = wrapper.framework; includeInIndex = 0; path = Pods_DovizConvert.framework; sourceTree = BUILT_PRODUCTS_DIR; };
		4277746BF7E3823127BAE3C3 /* Pods-DovizConvert.debug.xcconfig */ = {isa = PBXFileReference; includeInIndex = 1; lastKnownFileType = text.xcconfig; name = "Pods-DovizConvert.debug.xcconfig"; path = "Target Support Files/Pods-DovizConvert/Pods-DovizConvert.debug.xcconfig"; sourceTree = "<group>"; };
		537309EAABE276B18ED90859 /* Pods-DovizConvert-OneSignalNotificationServiceExtension.debug.xcconfig */ = {isa = PBXFileReference; includeInIndex = 1; lastKnownFileType = text.xcconfig; name = "Pods-DovizConvert-OneSignalNotificationServiceExtension.debug.xcconfig"; path = "Target Support Files/Pods-DovizConvert-OneSignalNotificationServiceExtension/Pods-DovizConvert-OneSignalNotificationServiceExtension.debug.xcconfig"; sourceTree = "<group>"; };
		84026FEF2A35560800AECBF5 /* currentClass.swift */ = {isa = PBXFileReference; lastKnownFileType = sourcecode.swift; path = currentClass.swift; sourceTree = "<group>"; };
		84026FF12A3557C100AECBF5 /* ViewController2.swift */ = {isa = PBXFileReference; lastKnownFileType = sourcecode.swift; path = ViewController2.swift; sourceTree = "<group>"; };
		841732742A5D550C00485E0F /* GoogleService-Info.plist */ = {isa = PBXFileReference; fileEncoding = 4; lastKnownFileType = text.plist.xml; path = "GoogleService-Info.plist"; sourceTree = "<group>"; };
		841CFD1D2A66C2D700B98506 /* CalculateCurrencyViewController.swift */ = {isa = PBXFileReference; lastKnownFileType = sourcecode.swift; path = CalculateCurrencyViewController.swift; sourceTree = "<group>"; };
		846311492A65A6D600A4D4F2 /* UIImage+Ext.swift */ = {isa = PBXFileReference; fileEncoding = 4; lastKnownFileType = sourcecode.swift; path = "UIImage+Ext.swift"; sourceTree = "<group>"; };
		8463114B2A65A77E00A4D4F2 /* LoadingViewController.swift */ = {isa = PBXFileReference; lastKnownFileType = sourcecode.swift; path = LoadingViewController.swift; sourceTree = "<group>"; };
		8463114D2A65AB6800A4D4F2 /* LaunchScreenViewController.swift */ = {isa = PBXFileReference; lastKnownFileType = sourcecode.swift; path = LaunchScreenViewController.swift; sourceTree = "<group>"; };
		848F26F72A1FDA6C00881C94 /* DovizConvert.app */ = {isa = PBXFileReference; explicitFileType = wrapper.application; includeInIndex = 0; path = DovizConvert.app; sourceTree = BUILT_PRODUCTS_DIR; };
		848F26FA2A1FDA6C00881C94 /* AppDelegate.swift */ = {isa = PBXFileReference; lastKnownFileType = sourcecode.swift; path = AppDelegate.swift; sourceTree = "<group>"; };
		848F26FC2A1FDA6C00881C94 /* SceneDelegate.swift */ = {isa = PBXFileReference; lastKnownFileType = sourcecode.swift; path = SceneDelegate.swift; sourceTree = "<group>"; };
		848F26FE2A1FDA6C00881C94 /* ViewController.swift */ = {isa = PBXFileReference; lastKnownFileType = sourcecode.swift; path = ViewController.swift; sourceTree = "<group>"; };
		848F27012A1FDA6C00881C94 /* Base */ = {isa = PBXFileReference; lastKnownFileType = file.storyboard; name = Base; path = Base.lproj/Main.storyboard; sourceTree = "<group>"; };
		848F27032A1FDA6D00881C94 /* Assets.xcassets */ = {isa = PBXFileReference; lastKnownFileType = folder.assetcatalog; path = Assets.xcassets; sourceTree = "<group>"; };
		848F27062A1FDA6D00881C94 /* Base */ = {isa = PBXFileReference; lastKnownFileType = file.storyboard; name = Base; path = Base.lproj/LaunchScreen.storyboard; sourceTree = "<group>"; };
		848F27082A1FDA6D00881C94 /* Info.plist */ = {isa = PBXFileReference; lastKnownFileType = text.plist.xml; path = Info.plist; sourceTree = "<group>"; };
		84951F702A37C9B6003A37AC /* cellViewController.swift */ = {isa = PBXFileReference; lastKnownFileType = sourcecode.swift; path = cellViewController.swift; sourceTree = "<group>"; };
		84951F722A37D502003A37AC /* gecisDoor.swift */ = {isa = PBXFileReference; lastKnownFileType = sourcecode.swift; path = gecisDoor.swift; sourceTree = "<group>"; };
		84A61C002A607EBD00419904 /* OneSignalNotificationServiceExtension.appex */ = {isa = PBXFileReference; explicitFileType = "wrapper.app-extension"; includeInIndex = 0; path = OneSignalNotificationServiceExtension.appex; sourceTree = BUILT_PRODUCTS_DIR; };
		84A61C022A607EBD00419904 /* NotificationService.swift */ = {isa = PBXFileReference; lastKnownFileType = sourcecode.swift; path = NotificationService.swift; sourceTree = "<group>"; };
		84A61C042A607EBD00419904 /* Info.plist */ = {isa = PBXFileReference; lastKnownFileType = text.plist.xml; path = Info.plist; sourceTree = "<group>"; };
		84A61C0C2A60801E00419904 /* DovizConvert.entitlements */ = {isa = PBXFileReference; lastKnownFileType = text.plist.entitlements; path = DovizConvert.entitlements; sourceTree = "<group>"; };
		864C8C8393D773530482FD80 /* Pods-DovizConvert-OneSignalNotificationServiceExtension.release.xcconfig */ = {isa = PBXFileReference; includeInIndex = 1; lastKnownFileType = text.xcconfig; name = "Pods-DovizConvert-OneSignalNotificationServiceExtension.release.xcconfig"; path = "Target Support Files/Pods-DovizConvert-OneSignalNotificationServiceExtension/Pods-DovizConvert-OneSignalNotificationServiceExtension.release.xcconfig"; sourceTree = "<group>"; };
		8FF5F122960F79E0B50D677B /* Pods_DovizConvert_OneSignalNotificationServiceExtension.framework */ = {isa = PBXFileReference; explicitFileType = wrapper.framework; includeInIndex = 0; path = Pods_DovizConvert_OneSignalNotificationServiceExtension.framework; sourceTree = BUILT_PRODUCTS_DIR; };
		B3A62953121F75FAF535A629 /* Pods-DovizConvert.release.xcconfig */ = {isa = PBXFileReference; includeInIndex = 1; lastKnownFileType = text.xcconfig; name = "Pods-DovizConvert.release.xcconfig"; path = "Target Support Files/Pods-DovizConvert/Pods-DovizConvert.release.xcconfig"; sourceTree = "<group>"; };
/* End PBXFileReference section */

/* Begin PBXFrameworksBuildPhase section */
		848F26F42A1FDA6C00881C94 /* Frameworks */ = {
			isa = PBXFrameworksBuildPhase;
			buildActionMask = 2147483647;
			files = (
				773BF0699285B3D084B97FB5 /* Pods_DovizConvert.framework in Frameworks */,
			);
			runOnlyForDeploymentPostprocessing = 0;
		};
		84A61BFD2A607EBD00419904 /* Frameworks */ = {
			isa = PBXFrameworksBuildPhase;
			buildActionMask = 2147483647;
			files = (
				1DEF3112FE39953BBF69DA23 /* Pods_DovizConvert_OneSignalNotificationServiceExtension.framework in Frameworks */,
			);
			runOnlyForDeploymentPostprocessing = 0;
		};
/* End PBXFrameworksBuildPhase section */

/* Begin PBXGroup section */
		223BBF048E5216D718DF29C3 /* Frameworks */ = {
			isa = PBXGroup;
			children = (
				1F2FCCA73C63008EFC4B1329 /* Pods_DovizConvert.framework */,
				8FF5F122960F79E0B50D677B /* Pods_DovizConvert_OneSignalNotificationServiceExtension.framework */,
			);
			name = Frameworks;
			sourceTree = "<group>";
		};
		848F26EE2A1FDA6C00881C94 = {
			isa = PBXGroup;
			children = (
				848F26F92A1FDA6C00881C94 /* DovizConvert */,
				84A61C012A607EBD00419904 /* OneSignalNotificationServiceExtension */,
				848F26F82A1FDA6C00881C94 /* Products */,
				B279C4EB0C9A0C73666E6FF4 /* Pods */,
				223BBF048E5216D718DF29C3 /* Frameworks */,
			);
			sourceTree = "<group>";
		};
		848F26F82A1FDA6C00881C94 /* Products */ = {
			isa = PBXGroup;
			children = (
				848F26F72A1FDA6C00881C94 /* DovizConvert.app */,
				84A61C002A607EBD00419904 /* OneSignalNotificationServiceExtension.appex */,
			);
			name = Products;
			sourceTree = "<group>";
		};
		848F26F92A1FDA6C00881C94 /* DovizConvert */ = {
			isa = PBXGroup;
			children = (
				846311492A65A6D600A4D4F2 /* UIImage+Ext.swift */,
				84A61C0C2A60801E00419904 /* DovizConvert.entitlements */,
				848F26FA2A1FDA6C00881C94 /* AppDelegate.swift */,
				848F26FC2A1FDA6C00881C94 /* SceneDelegate.swift */,
				848F26FE2A1FDA6C00881C94 /* ViewController.swift */,
				841CFD1D2A66C2D700B98506 /* CalculateCurrencyViewController.swift */,
				84951F702A37C9B6003A37AC /* cellViewController.swift */,
				84951F722A37D502003A37AC /* gecisDoor.swift */,
				84026FF12A3557C100AECBF5 /* ViewController2.swift */,
				848F27002A1FDA6C00881C94 /* Main.storyboard */,
				8463114B2A65A77E00A4D4F2 /* LoadingViewController.swift */,
				84026FEF2A35560800AECBF5 /* currentClass.swift */,
				848F27032A1FDA6D00881C94 /* Assets.xcassets */,
				848F27052A1FDA6D00881C94 /* LaunchScreen.storyboard */,
				8463114D2A65AB6800A4D4F2 /* LaunchScreenViewController.swift */,
				848F27082A1FDA6D00881C94 /* Info.plist */,
				841732742A5D550C00485E0F /* GoogleService-Info.plist */,
			);
			path = DovizConvert;
			sourceTree = "<group>";
		};
		84A61C012A607EBD00419904 /* OneSignalNotificationServiceExtension */ = {
			isa = PBXGroup;
			children = (
				84A61C022A607EBD00419904 /* NotificationService.swift */,
				84A61C042A607EBD00419904 /* Info.plist */,
			);
			path = OneSignalNotificationServiceExtension;
			sourceTree = "<group>";
		};
		B279C4EB0C9A0C73666E6FF4 /* Pods */ = {
			isa = PBXGroup;
			children = (
				4277746BF7E3823127BAE3C3 /* Pods-DovizConvert.debug.xcconfig */,
				B3A62953121F75FAF535A629 /* Pods-DovizConvert.release.xcconfig */,
				537309EAABE276B18ED90859 /* Pods-DovizConvert-OneSignalNotificationServiceExtension.debug.xcconfig */,
				864C8C8393D773530482FD80 /* Pods-DovizConvert-OneSignalNotificationServiceExtension.release.xcconfig */,
			);
			path = Pods;
			sourceTree = "<group>";
		};
/* End PBXGroup section */

/* Begin PBXNativeTarget section */
		848F26F62A1FDA6C00881C94 /* DovizConvert */ = {
			isa = PBXNativeTarget;
			buildConfigurationList = 848F270B2A1FDA6D00881C94 /* Build configuration list for PBXNativeTarget "DovizConvert" */;
			buildPhases = (
				3E228165B75A806205ECC4FB /* [CP] Check Pods Manifest.lock */,
				848F26F32A1FDA6C00881C94 /* Sources */,
				848F26F42A1FDA6C00881C94 /* Frameworks */,
				848F26F52A1FDA6C00881C94 /* Resources */,
				D3F0CF3813B07A886EFFD9A9 /* [CP] Embed Pods Frameworks */,
				84A61C082A607EBD00419904 /* Embed Foundation Extensions */,
			);
			buildRules = (
			);
			dependencies = (
				84A61C062A607EBD00419904 /* PBXTargetDependency */,
			);
			name = DovizConvert;
			productName = DovizConvert;
			productReference = 848F26F72A1FDA6C00881C94 /* DovizConvert.app */;
			productType = "com.apple.product-type.application";
		};
		84A61BFF2A607EBD00419904 /* OneSignalNotificationServiceExtension */ = {
			isa = PBXNativeTarget;
			buildConfigurationList = 84A61C0B2A607EBD00419904 /* Build configuration list for PBXNativeTarget "OneSignalNotificationServiceExtension" */;
			buildPhases = (
				B6BB0A21CF5930A379DDD3D1 /* [CP] Check Pods Manifest.lock */,
				84A61BFC2A607EBD00419904 /* Sources */,
				84A61BFD2A607EBD00419904 /* Frameworks */,
				84A61BFE2A607EBD00419904 /* Resources */,
			);
			buildRules = (
			);
			dependencies = (
			);
			name = OneSignalNotificationServiceExtension;
			productName = OneSignalNotificationServiceExtension;
			productReference = 84A61C002A607EBD00419904 /* OneSignalNotificationServiceExtension.appex */;
			productType = "com.apple.product-type.app-extension";
		};
/* End PBXNativeTarget section */

/* Begin PBXProject section */
		848F26EF2A1FDA6C00881C94 /* Project object */ = {
			isa = PBXProject;
			attributes = {
				BuildIndependentTargetsInParallel = 1;
				LastSwiftUpdateCheck = 1430;
				LastUpgradeCheck = 1500;
				TargetAttributes = {
					848F26F62A1FDA6C00881C94 = {
						CreatedOnToolsVersion = 14.3;
					};
					84A61BFF2A607EBD00419904 = {
						CreatedOnToolsVersion = 14.3.1;
					};
				};
			};
			buildConfigurationList = 848F26F22A1FDA6C00881C94 /* Build configuration list for PBXProject "DovizConvert" */;
			compatibilityVersion = "Xcode 14.0";
			developmentRegion = en;
			hasScannedForEncodings = 0;
			knownRegions = (
				en,
				Base,
			);
			mainGroup = 848F26EE2A1FDA6C00881C94;
			productRefGroup = 848F26F82A1FDA6C00881C94 /* Products */;
			projectDirPath = "";
			projectRoot = "";
			targets = (
				848F26F62A1FDA6C00881C94 /* DovizConvert */,
				84A61BFF2A607EBD00419904 /* OneSignalNotificationServiceExtension */,
			);
		};
/* End PBXProject section */

/* Begin PBXResourcesBuildPhase section */
		848F26F52A1FDA6C00881C94 /* Resources */ = {
			isa = PBXResourcesBuildPhase;
			buildActionMask = 2147483647;
			files = (
				848F27072A1FDA6D00881C94 /* LaunchScreen.storyboard in Resources */,
				848F27042A1FDA6D00881C94 /* Assets.xcassets in Resources */,
				841732752A5D550C00485E0F /* GoogleService-Info.plist in Resources */,
				848F27022A1FDA6C00881C94 /* Main.storyboard in Resources */,
			);
			runOnlyForDeploymentPostprocessing = 0;
		};
		84A61BFE2A607EBD00419904 /* Resources */ = {
			isa = PBXResourcesBuildPhase;
			buildActionMask = 2147483647;
			files = (
			);
			runOnlyForDeploymentPostprocessing = 0;
		};
/* End PBXResourcesBuildPhase section */

/* Begin PBXShellScriptBuildPhase section */
		3E228165B75A806205ECC4FB /* [CP] Check Pods Manifest.lock */ = {
			isa = PBXShellScriptBuildPhase;
			buildActionMask = 2147483647;
			files = (
			);
			inputFileListPaths = (
			);
			inputPaths = (
				"${PODS_PODFILE_DIR_PATH}/Podfile.lock",
				"${PODS_ROOT}/Manifest.lock",
			);
			name = "[CP] Check Pods Manifest.lock";
			outputFileListPaths = (
			);
			outputPaths = (
				"$(DERIVED_FILE_DIR)/Pods-DovizConvert-checkManifestLockResult.txt",
			);
			runOnlyForDeploymentPostprocessing = 0;
			shellPath = /bin/sh;
			shellScript = "diff \"${PODS_PODFILE_DIR_PATH}/Podfile.lock\" \"${PODS_ROOT}/Manifest.lock\" > /dev/null\nif [ $? != 0 ] ; then\n    # print error to STDERR\n    echo \"error: The sandbox is not in sync with the Podfile.lock. Run 'pod install' or update your CocoaPods installation.\" >&2\n    exit 1\nfi\n# This output is used by Xcode 'outputs' to avoid re-running this script phase.\necho \"SUCCESS\" > \"${SCRIPT_OUTPUT_FILE_0}\"\n";
			showEnvVarsInLog = 0;
		};
		B6BB0A21CF5930A379DDD3D1 /* [CP] Check Pods Manifest.lock */ = {
			isa = PBXShellScriptBuildPhase;
			buildActionMask = 2147483647;
			files = (
			);
			inputFileListPaths = (
			);
			inputPaths = (
				"${PODS_PODFILE_DIR_PATH}/Podfile.lock",
				"${PODS_ROOT}/Manifest.lock",
			);
			name = "[CP] Check Pods Manifest.lock";
			outputFileListPaths = (
			);
			outputPaths = (
				"$(DERIVED_FILE_DIR)/Pods-DovizConvert-OneSignalNotificationServiceExtension-checkManifestLockResult.txt",
			);
			runOnlyForDeploymentPostprocessing = 0;
			shellPath = /bin/sh;
			shellScript = "diff \"${PODS_PODFILE_DIR_PATH}/Podfile.lock\" \"${PODS_ROOT}/Manifest.lock\" > /dev/null\nif [ $? != 0 ] ; then\n    # print error to STDERR\n    echo \"error: The sandbox is not in sync with the Podfile.lock. Run 'pod install' or update your CocoaPods installation.\" >&2\n    exit 1\nfi\n# This output is used by Xcode 'outputs' to avoid re-running this script phase.\necho \"SUCCESS\" > \"${SCRIPT_OUTPUT_FILE_0}\"\n";
			showEnvVarsInLog = 0;
		};
		D3F0CF3813B07A886EFFD9A9 /* [CP] Embed Pods Frameworks */ = {
			isa = PBXShellScriptBuildPhase;
			buildActionMask = 2147483647;
			files = (
			);
			inputFileListPaths = (
				"${PODS_ROOT}/Target Support Files/Pods-DovizConvert/Pods-DovizConvert-frameworks-${CONFIGURATION}-input-files.xcfilelist",
			);
			name = "[CP] Embed Pods Frameworks";
			outputFileListPaths = (
				"${PODS_ROOT}/Target Support Files/Pods-DovizConvert/Pods-DovizConvert-frameworks-${CONFIGURATION}-output-files.xcfilelist",
			);
			runOnlyForDeploymentPostprocessing = 0;
			shellPath = /bin/sh;
			shellScript = "\"${PODS_ROOT}/Target Support Files/Pods-DovizConvert/Pods-DovizConvert-frameworks.sh\"\n";
			showEnvVarsInLog = 0;
		};
/* End PBXShellScriptBuildPhase section */

/* Begin PBXSourcesBuildPhase section */
		848F26F32A1FDA6C00881C94 /* Sources */ = {
			isa = PBXSourcesBuildPhase;
			buildActionMask = 2147483647;
			files = (
				84026FF22A3557C100AECBF5 /* ViewController2.swift in Sources */,
				8463114A2A65A6D600A4D4F2 /* UIImage+Ext.swift in Sources */,
				84951F732A37D502003A37AC /* gecisDoor.swift in Sources */,
				848F26FF2A1FDA6C00881C94 /* ViewController.swift in Sources */,
				84951F712A37C9B6003A37AC /* cellViewController.swift in Sources */,
				8463114C2A65A77E00A4D4F2 /* LoadingViewController.swift in Sources */,
				848F26FB2A1FDA6C00881C94 /* AppDelegate.swift in Sources */,
				84026FF02A35560800AECBF5 /* currentClass.swift in Sources */,
				8463114E2A65AB6800A4D4F2 /* LaunchScreenViewController.swift in Sources */,
				841CFD1E2A66C2D700B98506 /* CalculateCurrencyViewController.swift in Sources */,
				848F26FD2A1FDA6C00881C94 /* SceneDelegate.swift in Sources */,
			);
			runOnlyForDeploymentPostprocessing = 0;
		};
		84A61BFC2A607EBD00419904 /* Sources */ = {
			isa = PBXSourcesBuildPhase;
			buildActionMask = 2147483647;
			files = (
				84A61C032A607EBD00419904 /* NotificationService.swift in Sources */,
			);
			runOnlyForDeploymentPostprocessing = 0;
		};
/* End PBXSourcesBuildPhase section */

/* Begin PBXTargetDependency section */
		84A61C062A607EBD00419904 /* PBXTargetDependency */ = {
			isa = PBXTargetDependency;
			target = 84A61BFF2A607EBD00419904 /* OneSignalNotificationServiceExtension */;
			targetProxy = 84A61C052A607EBD00419904 /* PBXContainerItemProxy */;
		};
/* End PBXTargetDependency section */

/* Begin PBXVariantGroup section */
		848F27002A1FDA6C00881C94 /* Main.storyboard */ = {
			isa = PBXVariantGroup;
			children = (
				848F27012A1FDA6C00881C94 /* Base */,
			);
			name = Main.storyboard;
			sourceTree = "<group>";
		};
		848F27052A1FDA6D00881C94 /* LaunchScreen.storyboard */ = {
			isa = PBXVariantGroup;
			children = (
				848F27062A1FDA6D00881C94 /* Base */,
			);
			name = LaunchScreen.storyboard;
			sourceTree = "<group>";
		};
/* End PBXVariantGroup section */

/* Begin XCBuildConfiguration section */
		848F27092A1FDA6D00881C94 /* Debug */ = {
			isa = XCBuildConfiguration;
			buildSettings = {
				ALWAYS_SEARCH_USER_PATHS = NO;
				CLANG_ANALYZER_NONNULL = YES;
				CLANG_ANALYZER_NUMBER_OBJECT_CONVERSION = YES_AGGRESSIVE;
				CLANG_CXX_LANGUAGE_STANDARD = "gnu++20";
				CLANG_ENABLE_MODULES = YES;
				CLANG_ENABLE_OBJC_ARC = YES;
				CLANG_ENABLE_OBJC_WEAK = YES;
				CLANG_WARN_BLOCK_CAPTURE_AUTORELEASING = YES;
				CLANG_WARN_BOOL_CONVERSION = YES;
				CLANG_WARN_COMMA = YES;
				CLANG_WARN_CONSTANT_CONVERSION = YES;
				CLANG_WARN_DEPRECATED_OBJC_IMPLEMENTATIONS = YES;
				CLANG_WARN_DIRECT_OBJC_ISA_USAGE = YES_ERROR;
				CLANG_WARN_DOCUMENTATION_COMMENTS = YES;
				CLANG_WARN_EMPTY_BODY = YES;
				CLANG_WARN_ENUM_CONVERSION = YES;
				CLANG_WARN_INFINITE_RECURSION = YES;
				CLANG_WARN_INT_CONVERSION = YES;
				CLANG_WARN_NON_LITERAL_NULL_CONVERSION = YES;
				CLANG_WARN_OBJC_IMPLICIT_RETAIN_SELF = YES;
				CLANG_WARN_OBJC_LITERAL_CONVERSION = YES;
				CLANG_WARN_OBJC_ROOT_CLASS = YES_ERROR;
				CLANG_WARN_QUOTED_INCLUDE_IN_FRAMEWORK_HEADER = YES;
				CLANG_WARN_RANGE_LOOP_ANALYSIS = YES;
				CLANG_WARN_STRICT_PROTOTYPES = YES;
				CLANG_WARN_SUSPICIOUS_MOVE = YES;
				CLANG_WARN_UNGUARDED_AVAILABILITY = YES_AGGRESSIVE;
				CLANG_WARN_UNREACHABLE_CODE = YES;
				CLANG_WARN__DUPLICATE_METHOD_MATCH = YES;
				COPY_PHASE_STRIP = NO;
				DEBUG_INFORMATION_FORMAT = dwarf;
				ENABLE_STRICT_OBJC_MSGSEND = YES;
				ENABLE_TESTABILITY = YES;
				ENABLE_USER_SCRIPT_SANDBOXING = NO;
				GCC_C_LANGUAGE_STANDARD = gnu11;
				GCC_DYNAMIC_NO_PIC = NO;
				GCC_NO_COMMON_BLOCKS = YES;
				GCC_OPTIMIZATION_LEVEL = 0;
				GCC_PREPROCESSOR_DEFINITIONS = (
					"DEBUG=1",
					"$(inherited)",
				);
				GCC_WARN_64_TO_32_BIT_CONVERSION = YES;
				GCC_WARN_ABOUT_RETURN_TYPE = YES_ERROR;
				GCC_WARN_UNDECLARED_SELECTOR = YES;
				GCC_WARN_UNINITIALIZED_AUTOS = YES_AGGRESSIVE;
				GCC_WARN_UNUSED_FUNCTION = YES;
				GCC_WARN_UNUSED_VARIABLE = YES;
				IPHONEOS_DEPLOYMENT_TARGET = 15.0;
				MTL_ENABLE_DEBUG_INFO = INCLUDE_SOURCE;
				MTL_FAST_MATH = YES;
				ONLY_ACTIVE_ARCH = YES;
				SDKROOT = iphoneos;
				SWIFT_ACTIVE_COMPILATION_CONDITIONS = DEBUG;
				SWIFT_OPTIMIZATION_LEVEL = "-Onone";
			};
			name = Debug;
		};
		848F270A2A1FDA6D00881C94 /* Release */ = {
			isa = XCBuildConfiguration;
			buildSettings = {
				ALWAYS_SEARCH_USER_PATHS = NO;
				CLANG_ANALYZER_NONNULL = YES;
				CLANG_ANALYZER_NUMBER_OBJECT_CONVERSION = YES_AGGRESSIVE;
				CLANG_CXX_LANGUAGE_STANDARD = "gnu++20";
				CLANG_ENABLE_MODULES = YES;
				CLANG_ENABLE_OBJC_ARC = YES;
				CLANG_ENABLE_OBJC_WEAK = YES;
				CLANG_WARN_BLOCK_CAPTURE_AUTORELEASING = YES;
				CLANG_WARN_BOOL_CONVERSION = YES;
				CLANG_WARN_COMMA = YES;
				CLANG_WARN_CONSTANT_CONVERSION = YES;
				CLANG_WARN_DEPRECATED_OBJC_IMPLEMENTATIONS = YES;
				CLANG_WARN_DIRECT_OBJC_ISA_USAGE = YES_ERROR;
				CLANG_WARN_DOCUMENTATION_COMMENTS = YES;
				CLANG_WARN_EMPTY_BODY = YES;
				CLANG_WARN_ENUM_CONVERSION = YES;
				CLANG_WARN_INFINITE_RECURSION = YES;
				CLANG_WARN_INT_CONVERSION = YES;
				CLANG_WARN_NON_LITERAL_NULL_CONVERSION = YES;
				CLANG_WARN_OBJC_IMPLICIT_RETAIN_SELF = YES;
				CLANG_WARN_OBJC_LITERAL_CONVERSION = YES;
				CLANG_WARN_OBJC_ROOT_CLASS = YES_ERROR;
				CLANG_WARN_QUOTED_INCLUDE_IN_FRAMEWORK_HEADER = YES;
				CLANG_WARN_RANGE_LOOP_ANALYSIS = YES;
				CLANG_WARN_STRICT_PROTOTYPES = YES;
				CLANG_WARN_SUSPICIOUS_MOVE = YES;
				CLANG_WARN_UNGUARDED_AVAILABILITY = YES_AGGRESSIVE;
				CLANG_WARN_UNREACHABLE_CODE = YES;
				CLANG_WARN__DUPLICATE_METHOD_MATCH = YES;
				COPY_PHASE_STRIP = NO;
				DEBUG_INFORMATION_FORMAT = "dwarf-with-dsym";
				ENABLE_NS_ASSERTIONS = NO;
				ENABLE_STRICT_OBJC_MSGSEND = YES;
				ENABLE_USER_SCRIPT_SANDBOXING = NO;
				GCC_C_LANGUAGE_STANDARD = gnu11;
				GCC_NO_COMMON_BLOCKS = YES;
				GCC_WARN_64_TO_32_BIT_CONVERSION = YES;
				GCC_WARN_ABOUT_RETURN_TYPE = YES_ERROR;
				GCC_WARN_UNDECLARED_SELECTOR = YES;
				GCC_WARN_UNINITIALIZED_AUTOS = YES_AGGRESSIVE;
				GCC_WARN_UNUSED_FUNCTION = YES;
				GCC_WARN_UNUSED_VARIABLE = YES;
				IPHONEOS_DEPLOYMENT_TARGET = 15.0;
				MTL_ENABLE_DEBUG_INFO = NO;
				MTL_FAST_MATH = YES;
				SDKROOT = iphoneos;
				SWIFT_COMPILATION_MODE = wholemodule;
				SWIFT_OPTIMIZATION_LEVEL = "-O";
				VALIDATE_PRODUCT = YES;
			};
			name = Release;
		};
		848F270C2A1FDA6D00881C94 /* Debug */ = {
			isa = XCBuildConfiguration;
			baseConfigurationReference = 4277746BF7E3823127BAE3C3 /* Pods-DovizConvert.debug.xcconfig */;
			buildSettings = {
				ALWAYS_EMBED_SWIFT_STANDARD_LIBRARIES = YES;
				ASSETCATALOG_COMPILER_APPICON_NAME = AppIcon;
				ASSETCATALOG_COMPILER_GLOBAL_ACCENT_COLOR_NAME = AccentColor;
				CODE_SIGN_ENTITLEMENTS = DovizConvert/DovizConvert.entitlements;
				CODE_SIGN_STYLE = Automatic;
				CURRENT_PROJECT_VERSION = 3;
				DEVELOPMENT_TEAM = CFBPBU763M;
				GENERATE_INFOPLIST_FILE = YES;
				INFOPLIST_FILE = DovizConvert/Info.plist;
				INFOPLIST_KEY_CFBundleDisplayName = "Global Currency ";
				INFOPLIST_KEY_NSUserTrackingUsageDescription = "Kisisel Reklamlar icin Izin almak gerek!";
				INFOPLIST_KEY_UIApplicationSupportsIndirectInputEvents = YES;
				INFOPLIST_KEY_UILaunchStoryboardName = LaunchScreen;
				INFOPLIST_KEY_UIMainStoryboardFile = Main;
				INFOPLIST_KEY_UISupportedInterfaceOrientations_iPad = "UIInterfaceOrientationPortrait UIInterfaceOrientationPortraitUpsideDown UIInterfaceOrientationLandscapeLeft UIInterfaceOrientationLandscapeRight";
				INFOPLIST_KEY_UISupportedInterfaceOrientations_iPhone = "UIInterfaceOrientationPortrait UIInterfaceOrientationLandscapeLeft UIInterfaceOrientationLandscapeRight";
				IPHONEOS_DEPLOYMENT_TARGET = 14.0;
				LD_RUNPATH_SEARCH_PATHS = (
					"$(inherited)",
					"@executable_path/Frameworks",
				);
				MARKETING_VERSION = 1.0;
				PRODUCT_BUNDLE_IDENTIFIER = softrestart.DovizConvert;
				PRODUCT_NAME = "$(TARGET_NAME)";
				SUPPORTED_PLATFORMS = "iphoneos iphonesimulator";
				SUPPORTS_MACCATALYST = NO;
				SUPPORTS_MAC_DESIGNED_FOR_IPHONE_IPAD = NO;
				SWIFT_EMIT_LOC_STRINGS = YES;
				SWIFT_VERSION = 5.0;
				TARGETED_DEVICE_FAMILY = 1;
			};
			name = Debug;
		};
		848F270D2A1FDA6D00881C94 /* Release */ = {
			isa = XCBuildConfiguration;
			baseConfigurationReference = B3A62953121F75FAF535A629 /* Pods-DovizConvert.release.xcconfig */;
			buildSettings = {
				ALWAYS_EMBED_SWIFT_STANDARD_LIBRARIES = YES;
				ASSETCATALOG_COMPILER_APPICON_NAME = AppIcon;
				ASSETCATALOG_COMPILER_GLOBAL_ACCENT_COLOR_NAME = AccentColor;
				CODE_SIGN_ENTITLEMENTS = DovizConvert/DovizConvert.entitlements;
				CODE_SIGN_STYLE = Automatic;
				CURRENT_PROJECT_VERSION = 3;
				DEVELOPMENT_TEAM = CFBPBU763M;
				GENERATE_INFOPLIST_FILE = YES;
				INFOPLIST_FILE = DovizConvert/Info.plist;
				INFOPLIST_KEY_CFBundleDisplayName = "Global Currency ";
				INFOPLIST_KEY_NSUserTrackingUsageDescription = "Kisisel Reklamlar icin Izin almak gerek!";
				INFOPLIST_KEY_UIApplicationSupportsIndirectInputEvents = YES;
				INFOPLIST_KEY_UILaunchStoryboardName = LaunchScreen;
				INFOPLIST_KEY_UIMainStoryboardFile = Main;
				INFOPLIST_KEY_UISupportedInterfaceOrientations_iPad = "UIInterfaceOrientationPortrait UIInterfaceOrientationPortraitUpsideDown UIInterfaceOrientationLandscapeLeft UIInterfaceOrientationLandscapeRight";
				INFOPLIST_KEY_UISupportedInterfaceOrientations_iPhone = "UIInterfaceOrientationPortrait UIInterfaceOrientationLandscapeLeft UIInterfaceOrientationLandscapeRight";
				IPHONEOS_DEPLOYMENT_TARGET = 14.0;
				LD_RUNPATH_SEARCH_PATHS = (
					"$(inherited)",
					"@executable_path/Frameworks",
				);
				MARKETING_VERSION = 1.0;
				PRODUCT_BUNDLE_IDENTIFIER = softrestart.DovizConvert;
				PRODUCT_NAME = "$(TARGET_NAME)";
				SUPPORTED_PLATFORMS = "iphoneos iphonesimulator";
				SUPPORTS_MACCATALYST = NO;
				SUPPORTS_MAC_DESIGNED_FOR_IPHONE_IPAD = NO;
				SWIFT_EMIT_LOC_STRINGS = YES;
				SWIFT_VERSION = 5.0;
				TARGETED_DEVICE_FAMILY = 1;
			};
			name = Release;
		};
		84A61C092A607EBD00419904 /* Debug */ = {
			isa = XCBuildConfiguration;
			baseConfigurationReference = 537309EAABE276B18ED90859 /* Pods-DovizConvert-OneSignalNotificationServiceExtension.debug.xcconfig */;
			buildSettings = {
				CODE_SIGN_STYLE = Automatic;
				CURRENT_PROJECT_VERSION = 1;
				DEVELOPMENT_TEAM = CFBPBU763M;
				GENERATE_INFOPLIST_FILE = YES;
				INFOPLIST_FILE = OneSignalNotificationServiceExtension/Info.plist;
				INFOPLIST_KEY_CFBundleDisplayName = OneSignalNotificationServiceExtension;
				INFOPLIST_KEY_NSHumanReadableCopyright = "";
				IPHONEOS_DEPLOYMENT_TARGET = 13.0;
				LD_RUNPATH_SEARCH_PATHS = (
					"$(inherited)",
					"@executable_path/Frameworks",
					"@executable_path/../../Frameworks",
				);
				MARKETING_VERSION = 1.0;
				PRODUCT_BUNDLE_IDENTIFIER = softrestart.DovizConvert.OneSignalNotificationServiceExtension;
				PRODUCT_NAME = "$(TARGET_NAME)";
				SKIP_INSTALL = YES;
				SWIFT_EMIT_LOC_STRINGS = YES;
				SWIFT_VERSION = 5.0;
				TARGETED_DEVICE_FAMILY = "1,2";
			};
			name = Debug;
		};
		84A61C0A2A607EBD00419904 /* Release */ = {
			isa = XCBuildConfiguration;
			baseConfigurationReference = 864C8C8393D773530482FD80 /* Pods-DovizConvert-OneSignalNotificationServiceExtension.release.xcconfig */;
			buildSettings = {
				CODE_SIGN_STYLE = Automatic;
				CURRENT_PROJECT_VERSION = 1;
				DEVELOPMENT_TEAM = CFBPBU763M;
				GENERATE_INFOPLIST_FILE = YES;
				INFOPLIST_FILE = OneSignalNotificationServiceExtension/Info.plist;
				INFOPLIST_KEY_CFBundleDisplayName = OneSignalNotificationServiceExtension;
				INFOPLIST_KEY_NSHumanReadableCopyright = "";
				IPHONEOS_DEPLOYMENT_TARGET = 13.0;
				LD_RUNPATH_SEARCH_PATHS = (
					"$(inherited)",
					"@executable_path/Frameworks",
					"@executable_path/../../Frameworks",
				);
				MARKETING_VERSION = 1.0;
				PRODUCT_BUNDLE_IDENTIFIER = softrestart.DovizConvert.OneSignalNotificationServiceExtension;
				PRODUCT_NAME = "$(TARGET_NAME)";
				SKIP_INSTALL = YES;
				SWIFT_EMIT_LOC_STRINGS = YES;
				SWIFT_VERSION = 5.0;
				TARGETED_DEVICE_FAMILY = "1,2";
			};
			name = Release;
		};
/* End XCBuildConfiguration section */

/* Begin XCConfigurationList section */
		848F26F22A1FDA6C00881C94 /* Build configuration list for PBXProject "DovizConvert" */ = {
			isa = XCConfigurationList;
			buildConfigurations = (
				848F27092A1FDA6D00881C94 /* Debug */,
				848F270A2A1FDA6D00881C94 /* Release */,
			);
			defaultConfigurationIsVisible = 0;
			defaultConfigurationName = Release;
		};
		848F270B2A1FDA6D00881C94 /* Build configuration list for PBXNativeTarget "DovizConvert" */ = {
			isa = XCConfigurationList;
			buildConfigurations = (
				848F270C2A1FDA6D00881C94 /* Debug */,
				848F270D2A1FDA6D00881C94 /* Release */,
			);
			defaultConfigurationIsVisible = 0;
			defaultConfigurationName = Release;
		};
		84A61C0B2A607EBD00419904 /* Build configuration list for PBXNativeTarget "OneSignalNotificationServiceExtension" */ = {
			isa = XCConfigurationList;
			buildConfigurations = (
				84A61C092A607EBD00419904 /* Debug */,
				84A61C0A2A607EBD00419904 /* Release */,
			);
			defaultConfigurationIsVisible = 0;
			defaultConfigurationName = Release;
		};
/* End XCConfigurationList section */
	};
	rootObject = 848F26EF2A1FDA6C00881C94 /* Project object */;
}
